Microsoft Visual Studio Solution File, Format Version 12.00
# Visual Studio Version 17
VisualStudioVersion = 17.5.2.0
MinimumVisualStudioVersion = 10.0.40219.1
Project("{2150E333-8FDC-42A3-9474-1A3956D46DE8}") = "build", "build", "{DEE5DD87-39C1-BF34-B639-A387DCCF972B}"
EndProject
Project("{2150E333-8FDC-42A3-9474-1A3956D46DE8}") = "_deps", "_deps", "{5E519F23-A53A-D78C-885D-C4405A5E5028}"
EndProject
Project("{2150E333-8FDC-42A3-9474-1A3956D46DE8}") = "jsontestsuite-src", "jsontestsuite-src", "{C3C4415E-2FFE-EEBA-88E3-7C2EA43E6442}"
EndProject
Project("{2150E333-8FDC-42A3-9474-1A3956D46DE8}") = "parsers", "parsers", "{0A7AD575-6A05-E602-9865-E4F772E9CFE5}"
EndProject
Project("{2150E333-8FDC-42A3-9474-1A3956D46DE8}") = "test_dotnet_newtonsoft", "test_dotnet_newtonsoft", "{692389D0-E3E5-919A-F934-2B3C4F184B82}"
EndProject
Project("{FAE04EC0-301F-11D3-BF4B-00C04F79EFBC}") = "app", "build\_deps\jsontestsuite-src\parsers\test_dotnet_newtonsoft\app.csproj", "{4D96BEF5-E3A5-F85D-255A-222A2A677ED6}"
EndProject
Project("{2150E333-8FDC-42A3-9474-1A3956D46DE8}") = "test_dotnet_system_text_json", "test_dotnet_system_text_json", "{1C10C245-F440-0645-E108-60D6B1D51ED1}"
EndProject
Project("{FAE04EC0-301F-11D3-BF4B-00C04F79EFBC}") = "app", "build\_deps\jsontestsuite-src\parsers\test_dotnet_system_text_json\app.csproj", "{EE238E6E-3713-F7C9-C588-8AF8E58902E8}"
EndProject
Global
	GlobalSection(SolutionConfigurationPlatforms) = preSolution
		Debug|Any CPU = Debug|Any CPU
		Release|Any CPU = Release|Any CPU
	EndGlobalSection
	GlobalSection(ProjectConfigurationPlatforms) = postSolution
		{4D96BEF5-E3A5-F85D-255A-222A2A677ED6}.Debug|Any CPU.ActiveCfg = Debug|Any CPU
		{4D96BEF5-E3A5-F85D-255A-222A2A677ED6}.Debug|Any CPU.Build.0 = Debug|Any CPU
		{4D96BEF5-E3A5-F85D-255A-222A2A677ED6}.Release|Any CPU.ActiveCfg = Release|Any CPU
		{4D96BEF5-E3A5-F85D-255A-222A2A677ED6}.Release|Any CPU.Build.0 = Release|Any CPU
		{EE238E6E-3713-F7C9-C588-8AF8E58902E8}.Debug|Any CPU.ActiveCfg = Debug|Any CPU
		{EE238E6E-3713-F7C9-C588-8AF8E58902E8}.Debug|Any CPU.Build.0 = Debug|Any CPU
		{EE238E6E-3713-F7C9-C588-8AF8E58902E8}.Release|Any CPU.ActiveCfg = Release|Any CPU
		{EE238E6E-3713-F7C9-C588-8AF8E58902E8}.Release|Any CPU.Build.0 = Release|Any CPU
	EndGlobalSection
	GlobalSection(SolutionProperties) = preSolution
		HideSolutionNode = FALSE
	EndGlobalSection
	GlobalSection(NestedProjects) = preSolution
		{5E519F23-A53A-D78C-885D-C4405A5E5028} = {DEE5DD87-39C1-BF34-B639-A387DCCF972B}
		{C3C4415E-2FFE-EEBA-88E3-7C2EA43E6442} = {5E519F23-A53A-D78C-885D-C4405A5E5028}
		{0A7AD575-6A05-E602-9865-E4F772E9CFE5} = {C3C4415E-2FFE-EEBA-88E3-7C2EA43E6442}
		{692389D0-E3E5-919A-F934-2B3C4F184B82} = {0A7AD575-6A05-E602-9865-E4F772E9CFE5}
		{4D96BEF5-E3A5-F85D-255A-222A2A677ED6} = {692389D0-E3E5-919A-F934-2B3C4F184B82}
		{1C10C245-F440-0645-E108-60D6B1D51ED1} = {0A7AD575-6A05-E602-9865-E4F772E9CFE5}
		{EE238E6E-3713-F7C9-C588-8AF8E58902E8} = {1C10C245-F440-0645-E108-60D6B1D51ED1}
	EndGlobalSection
	GlobalSection(ExtensibilityGlobals) = postSolution
		SolutionGuid = {DCD95E1A-F84B-41D2-AF9E-98768FBC1121}
	EndGlobalSection
EndGlobal
